
Microsoft Visual Studio Solution File, Format Version 12.00
# Visual Studio 14
VisualStudioVersion = 14.0.24720.0
MinimumVisualStudioVersion = 10.0.40219.1
Project("{FAE04EC0-301F-11D3-BF4B-00C04F79EFBC}") = "WebApplication", "WebApplication\WebApplication.csproj", "{0DD8487D-3A74-4EC6-904E-7B1804607E89}"
EndProject
Project("{FAE04EC0-301F-11D3-BF4B-00C04F79EFBC}") = "WebAndLoadTestProject", "WebAndLoadTestProject\WebAndLoadTestProject.csproj", "{16AA86B4-B3B0-4B34-9F61-BAA4B1A15BB8}"
EndProject
Project("{2150E333-8FDC-42A3-9474-1A3956D46DE8}") = "Solution Items", "Solution Items", "{C4EF6684-CF2B-4826-B579-2561B971B8E6}"
	ProjectSection(SolutionItems) = preProject
		Local.testsettings = Local.testsettings
	EndProjectSection
EndProject
Global
	GlobalSection(SolutionConfigurationPlatforms) = preSolution
		Debug|Any CPU = Debug|Any CPU
		Release|Any CPU = Release|Any CPU
	EndGlobalSection
	GlobalSection(ProjectConfigurationPlatforms) = postSolution
		{0DD8487D-3A74-4EC6-904E-7B1804607E89}.Debug|Any CPU.ActiveCfg = Debug|Any CPU
		{0DD8487D-3A74-4EC6-904E-7B1804607E89}.Debug|Any CPU.Build.0 = Debug|Any CPU
		{0DD8487D-3A74-4EC6-904E-7B1804607E89}.Release|Any CPU.ActiveCfg = Release|Any CPU
		{0DD8487D-3A74-4EC6-904E-7B1804607E89}.Release|Any CPU.Build.0 = Release|Any CPU
		{16AA86B4-B3B0-4B34-9F61-BAA4B1A15BB8}.Debug|Any CPU.ActiveCfg = Debug|Any CPU
		{16AA86B4-B3B0-4B34-9F61-BAA4B1A15BB8}.Debug|Any CPU.Build.0 = Debug|Any CPU
		{16AA86B4-B3B0-4B34-9F61-BAA4B1A15BB8}.Release|Any CPU.ActiveCfg = Release|Any CPU
		{16AA86B4-B3B0-4B34-9F61-BAA4B1A15BB8}.Release|Any CPU.Build.0 = Release|Any CPU
	EndGlobalSection
	GlobalSection(SolutionProperties) = preSolution
		HideSolutionNode = FALSE
	EndGlobalSection
EndGlobal
